// !$*UTF8*$!
{
	archiveVersion = 1;
	classes = {
	};
	objectVersion = 46;
	objects = {

/* Begin PBXBuildFile section */
		DFFED4591DAB3FC3002369F0 /* AppDelegate.swift in Sources */ = {isa = PBXBuildFile; fileRef = DFFED4581DAB3FC3002369F0 /* AppDelegate.swift */; };
		DFFED45B1DAB3FC3002369F0 /* ViewController.swift in Sources */ = {isa = PBXBuildFile; fileRef = DFFED45A1DAB3FC3002369F0 /* ViewController.swift */; };
		DFFED45E1DAB3FC3002369F0 /* Main.storyboard in Resources */ = {isa = PBXBuildFile; fileRef = DFFED45C1DAB3FC3002369F0 /* Main.storyboard */; };
		DFFED4611DAB3FC3002369F0 /* SwiftCoreDataSimpleDemo.xcdatamodeld in Sources */ = {isa = PBXBuildFile; fileRef = DFFED45F1DAB3FC3002369F0 /* SwiftCoreDataSimpleDemo.xcdatamodeld */; };
		DFFED4631DAB3FC3002369F0 /* Assets.xcassets in Resources */ = {isa = PBXBuildFile; fileRef = DFFED4621DAB3FC3002369F0 /* Assets.xcassets */; };
		DFFED4661DAB3FC3002369F0 /* LaunchScreen.storyboard in Resources */ = {isa = PBXBuildFile; fileRef = DFFED4641DAB3FC3002369F0 /* LaunchScreen.storyboard */; };
/* End PBXBuildFile section */

/* Begin PBXFileReference section */
		DFFED4551DAB3FC2002369F0 /* SwiftCoreDataSimpleDemo.app */ = {isa = PBXFileReference; explicitFileType = wrapper.application; includeInIndex = 0; path = SwiftCoreDataSimpleDemo.app; sourceTree = BUILT_PRODUCTS_DIR; };
		DFFED4581DAB3FC3002369F0 /* AppDelegate.swift */ = {isa = PBXFileReference; lastKnownFileType = sourcecode.swift; path = AppDelegate.swift; sourceTree = "<group>"; };
		DFFED45A1DAB3FC3002369F0 /* ViewController.swift */ = {isa = PBXFileReference; lastKnownFileType = sourcecode.swift; path = ViewController.swift; sourceTree = "<group>"; };
		DFFED45D1DAB3FC3002369F0 /* Base */ = {isa = PBXFileReference; lastKnownFileType = file.storyboard; name = Base; path = Base.lproj/Main.storyboard; sourceTree = "<group>"; };
		DFFED4601DAB3FC3002369F0 /* SwiftCoreDataSimpleDemo.xcdatamodel */ = {isa = PBXFileReference; lastKnownFileType = wrapper.xcdatamodel; path = SwiftCoreDataSimpleDemo.xcdatamodel; sourceTree = "<group>"; };
		DFFED4621DAB3FC3002369F0 /* Assets.xcassets */ = {isa = PBXFileReference; lastKnownFileType = folder.assetcatalog; path = Assets.xcassets; sourceTree = "<group>"; };
		DFFED4651DAB3FC3002369F0 /* Base */ = {isa = PBXFileReference; lastKnownFileType = file.storyboard; name = Base; path = Base.lproj/LaunchScreen.storyboard; sourceTree = "<group>"; };
		DFFED4671DAB3FC3002369F0 /* Info.plist */ = {isa = PBXFileReference; lastKnownFileType = text.plist.xml; path = Info.plist; sourceTree = "<group>"; };
/* End PBXFileReference section */

/* Begin PBXFrameworksBuildPhase section */
		DFFED4521DAB3FC2002369F0 /* Frameworks */ = {
			isa = PBXFrameworksBuildPhase;
			buildActionMask = 2147483647;
			files = (
			);
			runOnlyForDeploymentPostprocessing = 0;
		};
/* End PBXFrameworksBuildPhase section */

/* Begin PBXGroup section */
		DFFED44C1DAB3FC2002369F0 = {
			isa = PBXGroup;
			children = (
				DFFED4571DAB3FC3002369F0 /* SwiftCoreDataSimpleDemo */,
				DFFED4561DAB3FC2002369F0 /* Products */,
			);
			sourceTree = "<group>";
		};
		DFFED4561DAB3FC2002369F0 /* Products */ = {
			isa = PBXGroup;
			children = (
				DFFED4551DAB3FC2002369F0 /* SwiftCoreDataSimpleDemo.app */,
			);
			name = Products;
			sourceTree = "<group>";
		};
		DFFED4571DAB3FC3002369F0 /* SwiftCoreDataSimpleDemo */ = {
			isa = PBXGroup;
			children = (
				DFFED4581DAB3FC3002369F0 /* AppDelegate.swift */,
				DFFED45A1DAB3FC3002369F0 /* ViewController.swift */,
				DFFED45C1DAB3FC3002369F0 /* Main.storyboard */,
				DFFED4621DAB3FC3002369F0 /* Assets.xcassets */,
				DFFED4641DAB3FC3002369F0 /* LaunchScreen.storyboard */,
				DFFED4671DAB3FC3002369F0 /* Info.plist */,
				DFFED45F1DAB3FC3002369F0 /* SwiftCoreDataSimpleDemo.xcdatamodeld */,
			);
			path = SwiftCoreDataSimpleDemo;
			sourceTree = "<group>";
		};
/* End PBXGroup section */

/* Begin PBXNativeTarget section */
		DFFED4541DAB3FC2002369F0 /* SwiftCoreDataSimpleDemo */ = {
			isa = PBXNativeTarget;
			buildConfigurationList = DFFED46A1DAB3FC3002369F0 /* Build configuration list for PBXNativeTarget "SwiftCoreDataSimpleDemo" */;
			buildPhases = (
				DFFED4511DAB3FC2002369F0 /* Sources */,
				DFFED4521DAB3FC2002369F0 /* Frameworks */,
				DFFED4531DAB3FC2002369F0 /* Resources */,
			);
			buildRules = (
			);
			dependencies = (
			);
			name = SwiftCoreDataSimpleDemo;
			productName = SwiftCoreDataSimpleDemo;
			productReference = DFFED4551DAB3FC2002369F0 /* SwiftCoreDataSimpleDemo.app */;
			productType = "com.apple.product-type.application";
		};
/* End PBXNativeTarget section */

/* Begin PBXProject section */
		DFFED44D1DAB3FC2002369F0 /* Project object */ = {
			isa = PBXProject;
			attributes = {
				LastSwiftUpdateCheck = 0730;
				LastUpgradeCheck = 0730;
				ORGANIZATIONNAME = "Nazmul Hasan";
				TargetAttributes = {
					DFFED4541DAB3FC2002369F0 = {
						CreatedOnToolsVersion = 7.3.1;
						DevelopmentTeam = UC59S33THV;
					};
				};
			};
			buildConfigurationList = DFFED4501DAB3FC2002369F0 /* Build configuration list for PBXProject "SwiftCoreDataSimpleDemo" */;
			compatibilityVersion = "Xcode 3.2";
			developmentRegion = English;
			hasScannedForEncodings = 0;
			knownRegions = (
				en,
				Base,
			);
			mainGroup = DFFED44C1DAB3FC2002369F0;
			productRefGroup = DFFED4561DAB3FC2002369F0 /* Products */;
			projectDirPath = "";
			projectRoot = "";
			targets = (
				DFFED4541DAB3FC2002369F0 /* SwiftCoreDataSimpleDemo */,
			);
		};
/* End PBXProject section */

/* Begin PBXResourcesBuildPhase section */
		DFFED4531DAB3FC2002369F0 /* Resources */ = {
			isa = PBXResourcesBuildPhase;
			buildActionMask = 2147483647;
			files = (
				DFFED4661DAB3FC3002369F0 /* LaunchScreen.storyboard in Resources */,
				DFFED4631DAB3FC3002369F0 /* Assets.xcassets in Resources */,
				DFFED45E1DAB3FC3002369F0 /* Main.storyboard in Resources */,
			);
			runOnlyForDeploymentPostprocessing = 0;
		};
/* End PBXResourcesBuildPhase section */

/* Begin PBXSourcesBuildPhase section */
		DFFED4511DAB3FC2002369F0 /* Sources */ = {
			isa = PBXSourcesBuildPhase;
			buildActionMask = 2147483647;
			files = (
				DFFED45B1DAB3FC3002369F0 /* ViewController.swift in Sources */,
				DFFED4591DAB3FC3002369F0 /* AppDelegate.swift in Sources */,
				DFFED4611DAB3FC3002369F0 /* SwiftCoreDataSimpleDemo.xcdatamodeld in Sources */,
			);
			runOnlyForDeploymentPostprocessing = 0;
		};
/* End PBXSourcesBuildPhase section */

/* Begin PBXVariantGroup section */
		DFFED45C1DAB3FC3002369F0 /* Main.storyboard */ = {
			isa = PBXVariantGroup;
			children = (
				DFFED45D1DAB3FC3002369F0 /* Base */,
			);
			name = Main.storyboard;
			sourceTree = "<group>";
		};
		DFFED4641DAB3FC3002369F0 /* LaunchScreen.storyboard */ = {
			isa = PBXVariantGroup;
			children = (
				DFFED4651DAB3FC3002369F0 /* Base */,
			);
			name = LaunchScreen.storyboard;
			sourceTree = "<group>";
		};
/* End PBXVariantGroup section */

/* Begin XCBuildConfiguration section */
		DFFED4681DAB3FC3002369F0 /* Debug */ = {
			isa = XCBuildConfiguration;
			buildSettings = {
				ALWAYS_SEARCH_USER_PATHS = NO;
				CLANG_ANALYZER_NONNULL = YES;
				CLANG_CXX_LANGUAGE_STANDARD = "gnu++0x";
				CLANG_CXX_LIBRARY = "libc++";
				CLANG_ENABLE_MODULES = YES;
				CLANG_ENABLE_OBJC_ARC = YES;
				CLANG_WARN_BOOL_CONVERSION = YES;
				CLANG_WARN_CONSTANT_CONVERSION = YES;
				CLANG_WARN_DIRECT_OBJC_ISA_USAGE = YES_ERROR;
				CLANG_WARN_EMPTY_BODY = YES;
				CLANG_WARN_ENUM_CONVERSION = YES;
				CLANG_WARN_INT_CONVERSION = YES;
				CLANG_WARN_OBJC_ROOT_CLASS = YES_ERROR;
				CLANG_WARN_UNREACHABLE_CODE = YES;
				CLANG_WARN__DUPLICATE_METHOD_MATCH = YES;
				"CODE_SIGN_IDENTITY[sdk=iphoneos*]" = "iPhone Developer";
				COPY_PHASE_STRIP = NO;
				DEBUG_INFORMATION_FORMAT = dwarf;
				ENABLE_STRICT_OBJC_MSGSEND = YES;
				ENABLE_TESTABILITY = YES;
				GCC_C_LANGUAGE_STANDARD = gnu99;
				GCC_DYNAMIC_NO_PIC = NO;
				GCC_NO_COMMON_BLOCKS = YES;
				GCC_OPTIMIZATION_LEVEL = 0;
				GCC_PREPROCESSOR_DEFINITIONS = (
					"DEBUG=1",
					"$(inherited)",
				);
				GCC_WARN_64_TO_32_BIT_CONVERSION = YES;
				GCC_WARN_ABOUT_RETURN_TYPE = YES_ERROR;
				GCC_WARN_UNDECLARED_SELECTOR = YES;
				GCC_WARN_UNINITIALIZED_AUTOS = YES_AGGRESSIVE;
				GCC_WARN_UNUSED_FUNCTION = YES;
				GCC_WARN_UNUSED_VARIABLE = YES;
				IPHONEOS_DEPLOYMENT_TARGET = 9.3;
				MTL_ENABLE_DEBUG_INFO = YES;
				ONLY_ACTIVE_ARCH = YES;
				SDKROOT = iphoneos;
				SWIFT_OPTIMIZATION_LEVEL = "-Onone";
			};
			name = Debug;
		};
		DFFED4691DAB3FC3002369F0 /* Release */ = {
			isa = XCBuildConfiguration;
			buildSettings = {
				ALWAYS_SEARCH_USER_PATHS = NO;
				CLANG_ANALYZER_NONNULL = YES;
				CLANG_CXX_LANGUAGE_STANDARD = "gnu++0x";
				CLANG_CXX_LIBRARY = "libc++";
				CLANG_ENABLE_MODULES = YES;
				CLANG_ENABLE_OBJC_ARC = YES;
				CLANG_WARN_BOOL_CONVERSION = YES;
				CLANG_WARN_CONSTANT_CONVERSION = YES;
				CLANG_WARN_DIRECT_OBJC_ISA_USAGE = YES_ERROR;
				CLANG_WARN_EMPTY_BODY = YES;
				CLANG_WARN_ENUM_CONVERSION = YES;
				CLANG_WARN_INT_CONVERSION = YES;
				CLANG_WARN_OBJC_ROOT_CLASS = YES_ERROR;
				CLANG_WARN_UNREACHABLE_CODE = YES;
				CLANG_WARN__DUPLICATE_METHOD_MATCH = YES;
				"CODE_SIGN_IDENTITY[sdk=iphoneos*]" = "iPhone Developer";
				COPY_PHASE_STRIP = NO;
				DEBUG_INFORMATION_FORMAT = "dwarf-with-dsym";
				ENABLE_NS_ASSERTIONS = NO;
				ENABLE_STRICT_OBJC_MSGSEND = YES;
				GCC_C_LANGUAGE_STANDARD = gnu99;
				GCC_NO_COMMON_BLOCKS = YES;
				GCC_WARN_64_TO_32_BIT_CONVERSION = YES;
				GCC_WARN_ABOUT_RETURN_TYPE = YES_ERROR;
				GCC_WARN_UNDECLARED_SELECTOR = YES;
				GCC_WARN_UNINITIALIZED_AUTOS = YES_AGGRESSIVE;
				GCC_WARN_UNUSED_FUNCTION = YES;
				GCC_WARN_UNUSED_VARIABLE = YES;
				IPHONEOS_DEPLOYMENT_TARGET = 9.3;
				MTL_ENABLE_DEBUG_INFO = NO;
				SDKROOT = iphoneos;
				VALIDATE_PRODUCT = YES;
			};
			name = Release;
		};
		DFFED46B1DAB3FC3002369F0 /* Debug */ = {
			isa = XCBuildConfiguration;
			buildSettings = {
				ASSETCATALOG_COMPILER_APPICON_NAME = AppIcon;
				INFOPLIST_FILE = SwiftCoreDataSimpleDemo/Info.plist;
				LD_RUNPATH_SEARCH_PATHS = "$(inherited) @executable_path/Frameworks";
				PRODUCT_BUNDLE_IDENTIFIER = AZNAZGame.SwiftCoreDataSimpleDemo;
				PRODUCT_NAME = "$(TARGET_NAME)";
			};
			name = Debug;
		};
		DFFED46C1DAB3FC3002369F0 /* Release */ = {
			isa = XCBuildConfiguration;
			buildSettings = {
				ASSETCATALOG_COMPILER_APPICON_NAME = AppIcon;
				INFOPLIST_FILE = SwiftCoreDataSimpleDemo/Info.plist;
				LD_RUNPATH_SEARCH_PATHS = "$(inherited) @executable_path/Frameworks";
				PRODUCT_BUNDLE_IDENTIFIER = AZNAZGame.SwiftCoreDataSimpleDemo;
				PRODUCT_NAME = "$(TARGET_NAME)";
			};
			name = Release;
		};
/* End XCBuildConfiguration section */

/* Begin XCConfigurationList section */
		DFFED4501DAB3FC2002369F0 /* Build configuration list for PBXProject "SwiftCoreDataSimpleDemo" */ = {
			isa = XCConfigurationList;
			buildConfigurations = (
				DFFED4681DAB3FC3002369F0 /* Debug */,
				DFFED4691DAB3FC3002369F0 /* Release */,
			);
			defaultConfigurationIsVisible = 0;
			defaultConfigurationName = Release;
		};
		DFFED46A1DAB3FC3002369F0 /* Build configuration list for PBXNativeTarget "SwiftCoreDataSimpleDemo" */ = {
			isa = XCConfigurationList;
			buildConfigurations = (
				DFFED46B1DAB3FC3002369F0 /* Debug */,
				DFFED46C1DAB3FC3002369F0 /* Release */,
			);
			defaultConfigurationIsVisible = 0;
		};
/* End XCConfigurationList section */

/* Begin XCVersionGroup section */
		DFFED45F1DAB3FC3002369F0 /* SwiftCoreDataSimpleDemo.xcdatamodeld */ = {
			isa = XCVersionGroup;
			children = (
				DFFED4601DAB3FC3002369F0 /* SwiftCoreDataSimpleDemo.xcdatamodel */,
			);
			currentVersion = DFFED4601DAB3FC3002369F0 /* SwiftCoreDataSimpleDemo.xcdatamodel */;
			path = SwiftCoreDataSimpleDemo.xcdatamodeld;
			sourceTree = "<group>";
			versionGroupType = wrapper.xcdatamodel;
		};
/* End XCVersionGroup section */
	};
	rootObject = DFFED44D1DAB3FC2002369F0 /* Project object */;
}
